
Microsoft Visual Studio Solution File, Format Version 12.00
# Visual Studio Version 17
VisualStudioVersion = 17.9.34622.214
MinimumVisualStudioVersion = 10.0.40219.1
Project("{FAE04EC0-301F-11D3-BF4B-00C04F79EFBC}") = "GameCaro", "GameCaro\GameCaro.csproj", "{707F4FF6-3996-415E-825B-9001D56BB708}"
EndProject
Global
	GlobalSection(SolutionConfigurationPlatforms) = preSolution
		Debug|Any CPU = Debug|Any CPU
		Release|Any CPU = Release|Any CPU
	EndGlobalSection
	GlobalSection(ProjectConfigurationPlatforms) = postSolution
		{707F4FF6-3996-415E-825B-9001D56BB708}.Debug|Any CPU.ActiveCfg = Debug|Any CPU
		{707F4FF6-3996-415E-825B-9001D56BB708}.Debug|Any CPU.Build.0 = Debug|Any CPU
		{707F4FF6-3996-415E-825B-9001D56BB708}.Release|Any CPU.ActiveCfg = Release|Any CPU
		{707F4FF6-3996-415E-825B-9001D56BB708}.Release|Any CPU.Build.0 = Release|Any CPU
	EndGlobalSection
	GlobalSection(SolutionProperties) = preSolution
		HideSolutionNode = FALSE
	EndGlobalSection
	GlobalSection(ExtensibilityGlobals) = postSolution
		SolutionGuid = {39E354DE-680A-411C-B429-E5C6FB063C47}
	EndGlobalSection
EndGlobal
